
Microsoft Visual Studio Solution File, Format Version 12.00
# Visual Studio Version 16
VisualStudioVersion = 16.0.810.25
MinimumVisualStudioVersion = 10.0.40219.1
Project("{FAE04EC0-301F-11D3-BF4B-00C04F79EFBC}") = "Operators_submission", "OPerators_submission\OPerators_submission.csproj", "{118D9CE1-97B6-4961-BAF2-F77EE6AF0EAE}"
EndProject
Global
	GlobalSection(SolutionConfigurationPlatforms) = preSolution
		Debug|Any CPU = Debug|Any CPU
		Release|Any CPU = Release|Any CPU
	EndGlobalSection
	GlobalSection(ProjectConfigurationPlatforms) = postSolution
		{118D9CE1-97B6-4961-BAF2-F77EE6AF0EAE}.Debug|Any CPU.ActiveCfg = Debug|Any CPU
		{118D9CE1-97B6-4961-BAF2-F77EE6AF0EAE}.Debug|Any CPU.Build.0 = Debug|Any CPU
		{118D9CE1-97B6-4961-BAF2-F77EE6AF0EAE}.Release|Any CPU.ActiveCfg = Release|Any CPU
		{118D9CE1-97B6-4961-BAF2-F77EE6AF0EAE}.Release|Any CPU.Build.0 = Release|Any CPU
	EndGlobalSection
	GlobalSection(SolutionProperties) = preSolution
		HideSolutionNode = FALSE
	EndGlobalSection
	GlobalSection(ExtensibilityGlobals) = postSolution
		SolutionGuid = {3E68984F-684B-4B6F-BF7D-534D060B8391}
	EndGlobalSection
EndGlobal
