
Microsoft Visual Studio Solution File, Format Version 12.00
# Visual Studio Version 16
VisualStudioVersion = 16.0.810.25
MinimumVisualStudioVersion = 10.0.40219.1
Project("{FAE04EC0-301F-11D3-BF4B-00C04F79EFBC}") = "Console_App", "Console_App\Console_App.csproj", "{5C084922-C63D-4ED4-B086-89B568705387}"
EndProject
Global
	GlobalSection(SolutionConfigurationPlatforms) = preSolution
		Debug|Any CPU = Debug|Any CPU
		Release|Any CPU = Release|Any CPU
	EndGlobalSection
	GlobalSection(ProjectConfigurationPlatforms) = postSolution
		{5C084922-C63D-4ED4-B086-89B568705387}.Debug|Any CPU.ActiveCfg = Debug|Any CPU
		{5C084922-C63D-4ED4-B086-89B568705387}.Debug|Any CPU.Build.0 = Debug|Any CPU
		{5C084922-C63D-4ED4-B086-89B568705387}.Release|Any CPU.ActiveCfg = Release|Any CPU
		{5C084922-C63D-4ED4-B086-89B568705387}.Release|Any CPU.Build.0 = Release|Any CPU
	EndGlobalSection
	GlobalSection(SolutionProperties) = preSolution
		HideSolutionNode = FALSE
	EndGlobalSection
	GlobalSection(ExtensibilityGlobals) = postSolution
		SolutionGuid = {85319C06-E49E-4356-96A8-02D6E6CF65EA}
	EndGlobalSection
EndGlobal
