
Microsoft Visual Studio Solution File, Format Version 12.00
# Visual Studio Version 16
VisualStudioVersion = 16.0.810.25
MinimumVisualStudioVersion = 10.0.40219.1
Project("{FAE04EC0-301F-11D3-BF4B-00C04F79EFBC}") = "Main_method", "Main_method\Main_method.csproj", "{C3A6A2FE-5C53-4E04-9CBC-7635EBE30C67}"
EndProject
Global
	GlobalSection(SolutionConfigurationPlatforms) = preSolution
		Debug|Any CPU = Debug|Any CPU
		Release|Any CPU = Release|Any CPU
	EndGlobalSection
	GlobalSection(ProjectConfigurationPlatforms) = postSolution
		{C3A6A2FE-5C53-4E04-9CBC-7635EBE30C67}.Debug|Any CPU.ActiveCfg = Debug|Any CPU
		{C3A6A2FE-5C53-4E04-9CBC-7635EBE30C67}.Debug|Any CPU.Build.0 = Debug|Any CPU
		{C3A6A2FE-5C53-4E04-9CBC-7635EBE30C67}.Release|Any CPU.ActiveCfg = Release|Any CPU
		{C3A6A2FE-5C53-4E04-9CBC-7635EBE30C67}.Release|Any CPU.Build.0 = Release|Any CPU
	EndGlobalSection
	GlobalSection(SolutionProperties) = preSolution
		HideSolutionNode = FALSE
	EndGlobalSection
	GlobalSection(ExtensibilityGlobals) = postSolution
		SolutionGuid = {C14F7FB6-A8D3-48CD-8554-34FA55B6E4BE}
	EndGlobalSection
EndGlobal
