
Microsoft Visual Studio Solution File, Format Version 12.00
# Visual Studio Version 16
VisualStudioVersion = 16.0.810.25
MinimumVisualStudioVersion = 10.0.40219.1
Project("{FAE04EC0-301F-11D3-BF4B-00C04F79EFBC}") = "LAMBDA", "LAMBDA\LAMBDA.csproj", "{9C063476-23E9-409A-BC95-7BFBBB13B5BD}"
EndProject
Global
	GlobalSection(SolutionConfigurationPlatforms) = preSolution
		Debug|Any CPU = Debug|Any CPU
		Release|Any CPU = Release|Any CPU
	EndGlobalSection
	GlobalSection(ProjectConfigurationPlatforms) = postSolution
		{9C063476-23E9-409A-BC95-7BFBBB13B5BD}.Debug|Any CPU.ActiveCfg = Debug|Any CPU
		{9C063476-23E9-409A-BC95-7BFBBB13B5BD}.Debug|Any CPU.Build.0 = Debug|Any CPU
		{9C063476-23E9-409A-BC95-7BFBBB13B5BD}.Release|Any CPU.ActiveCfg = Release|Any CPU
		{9C063476-23E9-409A-BC95-7BFBBB13B5BD}.Release|Any CPU.Build.0 = Release|Any CPU
	EndGlobalSection
	GlobalSection(SolutionProperties) = preSolution
		HideSolutionNode = FALSE
	EndGlobalSection
	GlobalSection(ExtensibilityGlobals) = postSolution
		SolutionGuid = {10FB336A-2566-47FD-B595-4CC49574FDAB}
	EndGlobalSection
EndGlobal
