
Microsoft Visual Studio Solution File, Format Version 12.00
# Visual Studio Version 16
VisualStudioVersion = 16.0.810.25
MinimumVisualStudioVersion = 10.0.40219.1
Project("{FAE04EC0-301F-11D3-BF4B-00C04F79EFBC}") = "Method_submission", "Method_submission\Method_submission.csproj", "{A488C043-7349-4674-90C0-1C986B78C475}"
EndProject
Global
	GlobalSection(SolutionConfigurationPlatforms) = preSolution
		Debug|Any CPU = Debug|Any CPU
		Release|Any CPU = Release|Any CPU
	EndGlobalSection
	GlobalSection(ProjectConfigurationPlatforms) = postSolution
		{A488C043-7349-4674-90C0-1C986B78C475}.Debug|Any CPU.ActiveCfg = Debug|Any CPU
		{A488C043-7349-4674-90C0-1C986B78C475}.Debug|Any CPU.Build.0 = Debug|Any CPU
		{A488C043-7349-4674-90C0-1C986B78C475}.Release|Any CPU.ActiveCfg = Release|Any CPU
		{A488C043-7349-4674-90C0-1C986B78C475}.Release|Any CPU.Build.0 = Release|Any CPU
	EndGlobalSection
	GlobalSection(SolutionProperties) = preSolution
		HideSolutionNode = FALSE
	EndGlobalSection
	GlobalSection(ExtensibilityGlobals) = postSolution
		SolutionGuid = {18F5F75C-913F-492D-9550-F399AEDEFA98}
	EndGlobalSection
EndGlobal
