
Microsoft Visual Studio Solution File, Format Version 12.00
# Visual Studio Version 16
VisualStudioVersion = 25.0.1705.4
MinimumVisualStudioVersion = 10.0.40219.1
Project("{FAE04EC0-301F-11D3-BF4B-00C04F79EFBC}") = "MyCoreApp", "MyCoreApp.csproj", "{1C888F29-A139-4CDC-A382-6341E85B63D0}"
EndProject
Global
	GlobalSection(SolutionConfigurationPlatforms) = preSolution
		Debug|Any CPU = Debug|Any CPU
		Release|Any CPU = Release|Any CPU
	EndGlobalSection
	GlobalSection(ProjectConfigurationPlatforms) = postSolution
		{1C888F29-A139-4CDC-A382-6341E85B63D0}.Debug|Any CPU.ActiveCfg = Debug|Any CPU
		{1C888F29-A139-4CDC-A382-6341E85B63D0}.Debug|Any CPU.Build.0 = Debug|Any CPU
		{1C888F29-A139-4CDC-A382-6341E85B63D0}.Release|Any CPU.ActiveCfg = Release|Any CPU
		{1C888F29-A139-4CDC-A382-6341E85B63D0}.Release|Any CPU.Build.0 = Release|Any CPU
	EndGlobalSection
	GlobalSection(SolutionProperties) = preSolution
		HideSolutionNode = FALSE
	EndGlobalSection
	GlobalSection(ExtensibilityGlobals) = postSolution
		SolutionGuid = {34F6AC02-A296-4D3E-8E5D-D7D0586616FB}
	EndGlobalSection
EndGlobal
