
Microsoft Visual Studio Solution File, Format Version 12.00
# Visual Studio Version 16
VisualStudioVersion = 16.0.810.25
MinimumVisualStudioVersion = 10.0.40219.1
Project("{FAE04EC0-301F-11D3-BF4B-00C04F79EFBC}") = "Date_Time", "Date_Time\Date_Time.csproj", "{C5B01853-8A1B-48B9-A6FE-810724532366}"
EndProject
Global
	GlobalSection(SolutionConfigurationPlatforms) = preSolution
		Debug|Any CPU = Debug|Any CPU
		Release|Any CPU = Release|Any CPU
	EndGlobalSection
	GlobalSection(ProjectConfigurationPlatforms) = postSolution
		{C5B01853-8A1B-48B9-A6FE-810724532366}.Debug|Any CPU.ActiveCfg = Debug|Any CPU
		{C5B01853-8A1B-48B9-A6FE-810724532366}.Debug|Any CPU.Build.0 = Debug|Any CPU
		{C5B01853-8A1B-48B9-A6FE-810724532366}.Release|Any CPU.ActiveCfg = Release|Any CPU
		{C5B01853-8A1B-48B9-A6FE-810724532366}.Release|Any CPU.Build.0 = Release|Any CPU
	EndGlobalSection
	GlobalSection(SolutionProperties) = preSolution
		HideSolutionNode = FALSE
	EndGlobalSection
	GlobalSection(ExtensibilityGlobals) = postSolution
		SolutionGuid = {8EAC597F-00F0-418A-9D65-CBF010AB6D14}
	EndGlobalSection
EndGlobal
