
Microsoft Visual Studio Solution File, Format Version 12.00
# Visual Studio Version 16
VisualStudioVersion = 16.0.810.25
MinimumVisualStudioVersion = 10.0.40219.1
Project("{FAE04EC0-301F-11D3-BF4B-00C04F79EFBC}") = "myConsoleProject.cs", "myConsoleProject.cs\myConsoleProject.cs.csproj", "{8CEDCD95-582E-4338-B93F-483838AB56DA}"
EndProject
Global
	GlobalSection(SolutionConfigurationPlatforms) = preSolution
		Debug|Any CPU = Debug|Any CPU
		Release|Any CPU = Release|Any CPU
	EndGlobalSection
	GlobalSection(ProjectConfigurationPlatforms) = postSolution
		{8CEDCD95-582E-4338-B93F-483838AB56DA}.Debug|Any CPU.ActiveCfg = Debug|Any CPU
		{8CEDCD95-582E-4338-B93F-483838AB56DA}.Debug|Any CPU.Build.0 = Debug|Any CPU
		{8CEDCD95-582E-4338-B93F-483838AB56DA}.Release|Any CPU.ActiveCfg = Release|Any CPU
		{8CEDCD95-582E-4338-B93F-483838AB56DA}.Release|Any CPU.Build.0 = Release|Any CPU
	EndGlobalSection
	GlobalSection(SolutionProperties) = preSolution
		HideSolutionNode = FALSE
	EndGlobalSection
	GlobalSection(ExtensibilityGlobals) = postSolution
		SolutionGuid = {E63330CD-0024-4B6D-9B9A-1B6FCD3E942E}
	EndGlobalSection
EndGlobal
