
Microsoft Visual Studio Solution File, Format Version 12.00
# Visual Studio Version 17
VisualStudioVersion = 17.5.33627.172
MinimumVisualStudioVersion = 10.0.40219.1
Project("{FAE04EC0-301F-11D3-BF4B-00C04F79EFBC}") = "CarInsurance", "CarInsurance\CarInsurance.csproj", "{C42841F6-0581-487A-BC6F-F3C48F81B6E7}"
EndProject
Global
	GlobalSection(SolutionConfigurationPlatforms) = preSolution
		Debug|Any CPU = Debug|Any CPU
		Release|Any CPU = Release|Any CPU
	EndGlobalSection
	GlobalSection(ProjectConfigurationPlatforms) = postSolution
		{C42841F6-0581-487A-BC6F-F3C48F81B6E7}.Debug|Any CPU.ActiveCfg = Debug|Any CPU
		{C42841F6-0581-487A-BC6F-F3C48F81B6E7}.Debug|Any CPU.Build.0 = Debug|Any CPU
		{C42841F6-0581-487A-BC6F-F3C48F81B6E7}.Release|Any CPU.ActiveCfg = Release|Any CPU
		{C42841F6-0581-487A-BC6F-F3C48F81B6E7}.Release|Any CPU.Build.0 = Release|Any CPU
	EndGlobalSection
	GlobalSection(SolutionProperties) = preSolution
		HideSolutionNode = FALSE
	EndGlobalSection
	GlobalSection(ExtensibilityGlobals) = postSolution
		SolutionGuid = {A7FEE07E-3A2A-42A7-9E5E-4853C1E3CE34}
	EndGlobalSection
EndGlobal
