
Microsoft Visual Studio Solution File, Format Version 12.00
# Visual Studio Version 16
VisualStudioVersion = 25.0.1705.3
MinimumVisualStudioVersion = 10.0.40219.1
Project("{FAE04EC0-301F-11D3-BF4B-00C04F79EFBC}") = "MusicVideo", "MusicVideo.csproj", "{BEE68622-425A-4846-9B65-7CE5E20E5621}"
EndProject
Global
	GlobalSection(SolutionConfigurationPlatforms) = preSolution
		Debug|Any CPU = Debug|Any CPU
		Release|Any CPU = Release|Any CPU
	EndGlobalSection
	GlobalSection(ProjectConfigurationPlatforms) = postSolution
		{BEE68622-425A-4846-9B65-7CE5E20E5621}.Debug|Any CPU.ActiveCfg = Debug|Any CPU
		{BEE68622-425A-4846-9B65-7CE5E20E5621}.Debug|Any CPU.Build.0 = Debug|Any CPU
		{BEE68622-425A-4846-9B65-7CE5E20E5621}.Release|Any CPU.ActiveCfg = Release|Any CPU
		{BEE68622-425A-4846-9B65-7CE5E20E5621}.Release|Any CPU.Build.0 = Release|Any CPU
	EndGlobalSection
	GlobalSection(SolutionProperties) = preSolution
		HideSolutionNode = FALSE
	EndGlobalSection
	GlobalSection(ExtensibilityGlobals) = postSolution
		SolutionGuid = {28C783FC-7330-4163-B7E6-C27365331BE4}
	EndGlobalSection
EndGlobal
