
Microsoft Visual Studio Solution File, Format Version 12.00
# Visual Studio Version 16
VisualStudioVersion = 16.0.810.25
MinimumVisualStudioVersion = 10.0.40219.1
Project("{FAE04EC0-301F-11D3-BF4B-00C04F79EFBC}") = "Class_submission", "Class_submission\Class_submission.csproj", "{81625851-18AE-4953-A6EE-FD9DF99ED20D}"
EndProject
Global
	GlobalSection(SolutionConfigurationPlatforms) = preSolution
		Debug|Any CPU = Debug|Any CPU
		Release|Any CPU = Release|Any CPU
	EndGlobalSection
	GlobalSection(ProjectConfigurationPlatforms) = postSolution
		{81625851-18AE-4953-A6EE-FD9DF99ED20D}.Debug|Any CPU.ActiveCfg = Debug|Any CPU
		{81625851-18AE-4953-A6EE-FD9DF99ED20D}.Debug|Any CPU.Build.0 = Debug|Any CPU
		{81625851-18AE-4953-A6EE-FD9DF99ED20D}.Release|Any CPU.ActiveCfg = Release|Any CPU
		{81625851-18AE-4953-A6EE-FD9DF99ED20D}.Release|Any CPU.Build.0 = Release|Any CPU
	EndGlobalSection
	GlobalSection(SolutionProperties) = preSolution
		HideSolutionNode = FALSE
	EndGlobalSection
	GlobalSection(ExtensibilityGlobals) = postSolution
		SolutionGuid = {B75ED57A-577D-4117-8A60-D525BD69D719}
	EndGlobalSection
EndGlobal
